
Microsoft Visual Studio Solution File, Format Version 12.00
# Visual Studio 15
VisualStudioVersion = 15.0.28307.572
MinimumVisualStudioVersion = 10.0.40219.1
Project("{9A19103F-16F7-4668-BE54-9A1E7A4F7556}") = "AutoFix_v1.0", "AutoFix_v1.0\AutoFix_v1.0.csproj", "{9C96BAF5-E4B7-49E3-88E5-E88564B81176}"
EndProject
Global
	GlobalSection(SolutionConfigurationPlatforms) = preSolution
		Debug|Any CPU = Debug|Any CPU
		Release|Any CPU = Release|Any CPU
	EndGlobalSection
	GlobalSection(ProjectConfigurationPlatforms) = postSolution
		{9C96BAF5-E4B7-49E3-88E5-E88564B81176}.Debug|Any CPU.ActiveCfg = Debug|Any CPU
		{9C96BAF5-E4B7-49E3-88E5-E88564B81176}.Debug|Any CPU.Build.0 = Debug|Any CPU
		{9C96BAF5-E4B7-49E3-88E5-E88564B81176}.Release|Any CPU.ActiveCfg = Release|Any CPU
		{9C96BAF5-E4B7-49E3-88E5-E88564B81176}.Release|Any CPU.Build.0 = Release|Any CPU
	EndGlobalSection
	GlobalSection(SolutionProperties) = preSolution
		HideSolutionNode = FALSE
	EndGlobalSection
	GlobalSection(ExtensibilityGlobals) = postSolution
		SolutionGuid = {0D91CAB8-2D11-42BB-86D5-9BF2B0129445}
	EndGlobalSection
EndGlobal
